
Microsoft Visual Studio Solution File, Format Version 12.00
# Visual Studio Version 17
VisualStudioVersion = 17.3.32922.545
MinimumVisualStudioVersion = 10.0.40219.1
Project("{9A19103F-16F7-4668-BE54-9A1E7A4F7556}") = "eShopSolution.WebApp", "eShopSolution.WebApp\eShopSolution.WebApp.csproj", "{1D2DB647-E554-4935-8451-158C466D881D}"
EndProject
Project("{9A19103F-16F7-4668-BE54-9A1E7A4F7556}") = "eShopSolution.Data", "eShopSolution.Data\eShopSolution.Data.csproj", "{A787B8C7-172B-42A0-8515-FEFC155895C4}"
EndProject
Project("{9A19103F-16F7-4668-BE54-9A1E7A4F7556}") = "eShopSolution.Application", "eShopSolution.Application\eShopSolution.Application.csproj", "{EF4712D4-17F0-4210-97E6-B3C6DDDF03D6}"
EndProject
Project("{FAE04EC0-301F-11D3-BF4B-00C04F79EFBC}") = "eShopSolution.Utilities", "eShopSolution.Utilities\eShopSolution.Utilities.csproj", "{1A0390DB-D849-44A4-97B7-47180B85C0C8}"
EndProject
Project("{FAE04EC0-301F-11D3-BF4B-00C04F79EFBC}") = "eShopSolution.ViewModels", "eShopSolution.ViewModels\eShopSolution.ViewModels.csproj", "{8EAABADA-1A5B-48D0-ABD5-97A2ABBCB690}"
EndProject
Project("{FAE04EC0-301F-11D3-BF4B-00C04F79EFBC}") = "eShopSolution.BackendApi", "eShopSolution.BackendApi\eShopSolution.BackendApi.csproj", "{190389A4-E317-41A7-8A40-5D85BA363F96}"
EndProject
Global
	GlobalSection(SolutionConfigurationPlatforms) = preSolution
		Debug|Any CPU = Debug|Any CPU
		Release|Any CPU = Release|Any CPU
	EndGlobalSection
	GlobalSection(ProjectConfigurationPlatforms) = postSolution
		{1D2DB647-E554-4935-8451-158C466D881D}.Debug|Any CPU.ActiveCfg = Debug|Any CPU
		{1D2DB647-E554-4935-8451-158C466D881D}.Debug|Any CPU.Build.0 = Debug|Any CPU
		{1D2DB647-E554-4935-8451-158C466D881D}.Release|Any CPU.ActiveCfg = Release|Any CPU
		{1D2DB647-E554-4935-8451-158C466D881D}.Release|Any CPU.Build.0 = Release|Any CPU
		{A787B8C7-172B-42A0-8515-FEFC155895C4}.Debug|Any CPU.ActiveCfg = Debug|Any CPU
		{A787B8C7-172B-42A0-8515-FEFC155895C4}.Debug|Any CPU.Build.0 = Debug|Any CPU
		{A787B8C7-172B-42A0-8515-FEFC155895C4}.Release|Any CPU.ActiveCfg = Release|Any CPU
		{A787B8C7-172B-42A0-8515-FEFC155895C4}.Release|Any CPU.Build.0 = Release|Any CPU
		{EF4712D4-17F0-4210-97E6-B3C6DDDF03D6}.Debug|Any CPU.ActiveCfg = Debug|Any CPU
		{EF4712D4-17F0-4210-97E6-B3C6DDDF03D6}.Debug|Any CPU.Build.0 = Debug|Any CPU
		{EF4712D4-17F0-4210-97E6-B3C6DDDF03D6}.Release|Any CPU.ActiveCfg = Release|Any CPU
		{EF4712D4-17F0-4210-97E6-B3C6DDDF03D6}.Release|Any CPU.Build.0 = Release|Any CPU
		{1A0390DB-D849-44A4-97B7-47180B85C0C8}.Debug|Any CPU.ActiveCfg = Debug|Any CPU
		{1A0390DB-D849-44A4-97B7-47180B85C0C8}.Debug|Any CPU.Build.0 = Debug|Any CPU
		{1A0390DB-D849-44A4-97B7-47180B85C0C8}.Release|Any CPU.ActiveCfg = Release|Any CPU
		{1A0390DB-D849-44A4-97B7-47180B85C0C8}.Release|Any CPU.Build.0 = Release|Any CPU
		{8EAABADA-1A5B-48D0-ABD5-97A2ABBCB690}.Debug|Any CPU.ActiveCfg = Debug|Any CPU
		{8EAABADA-1A5B-48D0-ABD5-97A2ABBCB690}.Debug|Any CPU.Build.0 = Debug|Any CPU
		{8EAABADA-1A5B-48D0-ABD5-97A2ABBCB690}.Release|Any CPU.ActiveCfg = Release|Any CPU
		{8EAABADA-1A5B-48D0-ABD5-97A2ABBCB690}.Release|Any CPU.Build.0 = Release|Any CPU
		{190389A4-E317-41A7-8A40-5D85BA363F96}.Debug|Any CPU.ActiveCfg = Debug|Any CPU
		{190389A4-E317-41A7-8A40-5D85BA363F96}.Debug|Any CPU.Build.0 = Debug|Any CPU
		{190389A4-E317-41A7-8A40-5D85BA363F96}.Release|Any CPU.ActiveCfg = Release|Any CPU
		{190389A4-E317-41A7-8A40-5D85BA363F96}.Release|Any CPU.Build.0 = Release|Any CPU
	EndGlobalSection
	GlobalSection(SolutionProperties) = preSolution
		HideSolutionNode = FALSE
	EndGlobalSection
	GlobalSection(ExtensibilityGlobals) = postSolution
		SolutionGuid = {F5001950-FCD1-4485-8EC7-AA300DB1D4DA}
	EndGlobalSection
EndGlobal
